// !$*UTF8*$!
{
	archiveVersion = 1;
	classes = {
	};
	objectVersion = 46;
	objects = {

/* Begin PBXBuildFile section */
		5AC3F28B1E0DD3D5008C4030 /* AppDelegate.swift in Sources */ = {isa = PBXBuildFile; fileRef = 5AC3F28A1E0DD3D5008C4030 /* AppDelegate.swift */; };
		5AC3F28D1E0DD3D5008C4030 /* ViewController.swift in Sources */ = {isa = PBXBuildFile; fileRef = 5AC3F28C1E0DD3D5008C4030 /* ViewController.swift */; };
		5AC3F2901E0DD3D5008C4030 /* Main.storyboard in Resources */ = {isa = PBXBuildFile; fileRef = 5AC3F28E1E0DD3D5008C4030 /* Main.storyboard */; };
		5AC3F2921E0DD3D5008C4030 /* Assets.xcassets in Resources */ = {isa = PBXBuildFile; fileRef = 5AC3F2911E0DD3D5008C4030 /* Assets.xcassets */; };
		5AC3F2951E0DD3D5008C4030 /* LaunchScreen.storyboard in Resources */ = {isa = PBXBuildFile; fileRef = 5AC3F2931E0DD3D5008C4030 /* LaunchScreen.storyboard */; };
		5AC3F2A01E0DD3D5008C4030 /* project10Tests.swift in Sources */ = {isa = PBXBuildFile; fileRef = 5AC3F29F1E0DD3D5008C4030 /* project10Tests.swift */; };
		5AC3F2AB1E0DD3D5008C4030 /* project10UITests.swift in Sources */ = {isa = PBXBuildFile; fileRef = 5AC3F2AA1E0DD3D5008C4030 /* project10UITests.swift */; };
		5AC3F2B91E0DD791008C4030 /* PersonCell.swift in Sources */ = {isa = PBXBuildFile; fileRef = 5AC3F2B81E0DD791008C4030 /* PersonCell.swift */; };
		5AC3F2BB1E0DE477008C4030 /* Person.swift in Sources */ = {isa = PBXBuildFile; fileRef = 5AC3F2BA1E0DE477008C4030 /* Person.swift */; };
/* End PBXBuildFile section */

/* Begin PBXContainerItemProxy section */
		5AC3F29C1E0DD3D5008C4030 /* PBXContainerItemProxy */ = {
			isa = PBXContainerItemProxy;
			containerPortal = 5AC3F27F1E0DD3D5008C4030 /* Project object */;
			proxyType = 1;
			remoteGlobalIDString = 5AC3F2861E0DD3D5008C4030;
			remoteInfo = project10;
		};
		5AC3F2A71E0DD3D5008C4030 /* PBXContainerItemProxy */ = {
			isa = PBXContainerItemProxy;
			containerPortal = 5AC3F27F1E0DD3D5008C4030 /* Project object */;
			proxyType = 1;
			remoteGlobalIDString = 5AC3F2861E0DD3D5008C4030;
			remoteInfo = project10;
		};
/* End PBXContainerItemProxy section */

/* Begin PBXFileReference section */
		5AC3F2871E0DD3D5008C4030 /* project10.app */ = {isa = PBXFileReference; explicitFileType = wrapper.application; includeInIndex = 0; path = project10.app; sourceTree = BUILT_PRODUCTS_DIR; };
		5AC3F28A1E0DD3D5008C4030 /* AppDelegate.swift */ = {isa = PBXFileReference; lastKnownFileType = sourcecode.swift; path = AppDelegate.swift; sourceTree = "<group>"; };
		5AC3F28C1E0DD3D5008C4030 /* ViewController.swift */ = {isa = PBXFileReference; lastKnownFileType = sourcecode.swift; path = ViewController.swift; sourceTree = "<group>"; };
		5AC3F28F1E0DD3D5008C4030 /* Base */ = {isa = PBXFileReference; lastKnownFileType = file.storyboard; name = Base; path = Base.lproj/Main.storyboard; sourceTree = "<group>"; };
		5AC3F2911E0DD3D5008C4030 /* Assets.xcassets */ = {isa = PBXFileReference; lastKnownFileType = folder.assetcatalog; path = Assets.xcassets; sourceTree = "<group>"; };
		5AC3F2941E0DD3D5008C4030 /* Base */ = {isa = PBXFileReference; lastKnownFileType = file.storyboard; name = Base; path = Base.lproj/LaunchScreen.storyboard; sourceTree = "<group>"; };
		5AC3F2961E0DD3D5008C4030 /* Info.plist */ = {isa = PBXFileReference; lastKnownFileType = text.plist.xml; path = Info.plist; sourceTree = "<group>"; };
		5AC3F29B1E0DD3D5008C4030 /* project10Tests.xctest */ = {isa = PBXFileReference; explicitFileType = wrapper.cfbundle; includeInIndex = 0; path = project10Tests.xctest; sourceTree = BUILT_PRODUCTS_DIR; };
		5AC3F29F1E0DD3D5008C4030 /* project10Tests.swift */ = {isa = PBXFileReference; lastKnownFileType = sourcecode.swift; path = project10Tests.swift; sourceTree = "<group>"; };
		5AC3F2A11E0DD3D5008C4030 /* Info.plist */ = {isa = PBXFileReference; lastKnownFileType = text.plist.xml; path = Info.plist; sourceTree = "<group>"; };
		5AC3F2A61E0DD3D5008C4030 /* project10UITests.xctest */ = {isa = PBXFileReference; explicitFileType = wrapper.cfbundle; includeInIndex = 0; path = project10UITests.xctest; sourceTree = BUILT_PRODUCTS_DIR; };
		5AC3F2AA1E0DD3D5008C4030 /* project10UITests.swift */ = {isa = PBXFileReference; lastKnownFileType = sourcecode.swift; path = project10UITests.swift; sourceTree = "<group>"; };
		5AC3F2AC1E0DD3D5008C4030 /* Info.plist */ = {isa = PBXFileReference; lastKnownFileType = text.plist.xml; path = Info.plist; sourceTree = "<group>"; };
		5AC3F2B81E0DD791008C4030 /* PersonCell.swift */ = {isa = PBXFileReference; fileEncoding = 4; lastKnownFileType = sourcecode.swift; name = PersonCell.swift; path = ../PersonCell.swift; sourceTree = "<group>"; };
		5AC3F2BA1E0DE477008C4030 /* Person.swift */ = {isa = PBXFileReference; fileEncoding = 4; lastKnownFileType = sourcecode.swift; path = Person.swift; sourceTree = "<group>"; };
/* End PBXFileReference section */

/* Begin PBXFrameworksBuildPhase section */
		5AC3F2841E0DD3D5008C4030 /* Frameworks */ = {
			isa = PBXFrameworksBuildPhase;
			buildActionMask = 2147483647;
			files = (
			);
			runOnlyForDeploymentPostprocessing = 0;
		};
		5AC3F2981E0DD3D5008C4030 /* Frameworks */ = {
			isa = PBXFrameworksBuildPhase;
			buildActionMask = 2147483647;
			files = (
			);
			runOnlyForDeploymentPostprocessing = 0;
		};
		5AC3F2A31E0DD3D5008C4030 /* Frameworks */ = {
			isa = PBXFrameworksBuildPhase;
			buildActionMask = 2147483647;
			files = (
			);
			runOnlyForDeploymentPostprocessing = 0;
		};
/* End PBXFrameworksBuildPhase section */

/* Begin PBXGroup section */
		5AC3F27E1E0DD3D5008C4030 = {
			isa = PBXGroup;
			children = (
				5AC3F2BA1E0DE477008C4030 /* Person.swift */,
				5AC3F2891E0DD3D5008C4030 /* project10 */,
				5AC3F29E1E0DD3D5008C4030 /* project10Tests */,
				5AC3F2A91E0DD3D5008C4030 /* project10UITests */,
				5AC3F2881E0DD3D5008C4030 /* Products */,
			);
			sourceTree = "<group>";
		};
		5AC3F2881E0DD3D5008C4030 /* Products */ = {
			isa = PBXGroup;
			children = (
				5AC3F2871E0DD3D5008C4030 /* project10.app */,
				5AC3F29B1E0DD3D5008C4030 /* project10Tests.xctest */,
				5AC3F2A61E0DD3D5008C4030 /* project10UITests.xctest */,
			);
			name = Products;
			sourceTree = "<group>";
		};
		5AC3F2891E0DD3D5008C4030 /* project10 */ = {
			isa = PBXGroup;
			children = (
				5AC3F2B81E0DD791008C4030 /* PersonCell.swift */,
				5AC3F28A1E0DD3D5008C4030 /* AppDelegate.swift */,
				5AC3F28C1E0DD3D5008C4030 /* ViewController.swift */,
				5AC3F28E1E0DD3D5008C4030 /* Main.storyboard */,
				5AC3F2911E0DD3D5008C4030 /* Assets.xcassets */,
				5AC3F2931E0DD3D5008C4030 /* LaunchScreen.storyboard */,
				5AC3F2961E0DD3D5008C4030 /* Info.plist */,
			);
			path = project10;
			sourceTree = "<group>";
		};
		5AC3F29E1E0DD3D5008C4030 /* project10Tests */ = {
			isa = PBXGroup;
			children = (
				5AC3F29F1E0DD3D5008C4030 /* project10Tests.swift */,
				5AC3F2A11E0DD3D5008C4030 /* Info.plist */,
			);
			path = project10Tests;
			sourceTree = "<group>";
		};
		5AC3F2A91E0DD3D5008C4030 /* project10UITests */ = {
			isa = PBXGroup;
			children = (
				5AC3F2AA1E0DD3D5008C4030 /* project10UITests.swift */,
				5AC3F2AC1E0DD3D5008C4030 /* Info.plist */,
			);
			path = project10UITests;
			sourceTree = "<group>";
		};
/* End PBXGroup section */

/* Begin PBXNativeTarget section */
		5AC3F2861E0DD3D5008C4030 /* project10 */ = {
			isa = PBXNativeTarget;
			buildConfigurationList = 5AC3F2AF1E0DD3D5008C4030 /* Build configuration list for PBXNativeTarget "project10" */;
			buildPhases = (
				5AC3F2831E0DD3D5008C4030 /* Sources */,
				5AC3F2841E0DD3D5008C4030 /* Frameworks */,
				5AC3F2851E0DD3D5008C4030 /* Resources */,
			);
			buildRules = (
			);
			dependencies = (
			);
			name = project10;
			productName = project10;
			productReference = 5AC3F2871E0DD3D5008C4030 /* project10.app */;
			productType = "com.apple.product-type.application";
		};
		5AC3F29A1E0DD3D5008C4030 /* project10Tests */ = {
			isa = PBXNativeTarget;
			buildConfigurationList = 5AC3F2B21E0DD3D5008C4030 /* Build configuration list for PBXNativeTarget "project10Tests" */;
			buildPhases = (
				5AC3F2971E0DD3D5008C4030 /* Sources */,
				5AC3F2981E0DD3D5008C4030 /* Frameworks */,
				5AC3F2991E0DD3D5008C4030 /* Resources */,
			);
			buildRules = (
			);
			dependencies = (
				5AC3F29D1E0DD3D5008C4030 /* PBXTargetDependency */,
			);
			name = project10Tests;
			productName = project10Tests;
			productReference = 5AC3F29B1E0DD3D5008C4030 /* project10Tests.xctest */;
			productType = "com.apple.product-type.bundle.unit-test";
		};
		5AC3F2A51E0DD3D5008C4030 /* project10UITests */ = {
			isa = PBXNativeTarget;
			buildConfigurationList = 5AC3F2B51E0DD3D5008C4030 /* Build configuration list for PBXNativeTarget "project10UITests" */;
			buildPhases = (
				5AC3F2A21E0DD3D5008C4030 /* Sources */,
				5AC3F2A31E0DD3D5008C4030 /* Frameworks */,
				5AC3F2A41E0DD3D5008C4030 /* Resources */,
			);
			buildRules = (
			);
			dependencies = (
				5AC3F2A81E0DD3D5008C4030 /* PBXTargetDependency */,
			);
			name = project10UITests;
			productName = project10UITests;
			productReference = 5AC3F2A61E0DD3D5008C4030 /* project10UITests.xctest */;
			productType = "com.apple.product-type.bundle.ui-testing";
		};
/* End PBXNativeTarget section */

/* Begin PBXProject section */
		5AC3F27F1E0DD3D5008C4030 /* Project object */ = {
			isa = PBXProject;
			attributes = {
				LastSwiftUpdateCheck = 0810;
				LastUpgradeCheck = 0820;
				ORGANIZATIONNAME = "Yuen Hsi Chang";
				TargetAttributes = {
					5AC3F2861E0DD3D5008C4030 = {
						CreatedOnToolsVersion = 8.1;
						ProvisioningStyle = Automatic;
					};
					5AC3F29A1E0DD3D5008C4030 = {
						CreatedOnToolsVersion = 8.1;
						ProvisioningStyle = Automatic;
						TestTargetID = 5AC3F2861E0DD3D5008C4030;
					};
					5AC3F2A51E0DD3D5008C4030 = {
						CreatedOnToolsVersion = 8.1;
						ProvisioningStyle = Automatic;
						TestTargetID = 5AC3F2861E0DD3D5008C4030;
					};
				};
			};
			buildConfigurationList = 5AC3F2821E0DD3D5008C4030 /* Build configuration list for PBXProject "project10" */;
			compatibilityVersion = "Xcode 3.2";
			developmentRegion = English;
			hasScannedForEncodings = 0;
			knownRegions = (
				en,
				Base,
			);
			mainGroup = 5AC3F27E1E0DD3D5008C4030;
			productRefGroup = 5AC3F2881E0DD3D5008C4030 /* Products */;
			projectDirPath = "";
			projectRoot = "";
			targets = (
				5AC3F2861E0DD3D5008C4030 /* project10 */,
				5AC3F29A1E0DD3D5008C4030 /* project10Tests */,
				5AC3F2A51E0DD3D5008C4030 /* project10UITests */,
			);
		};
/* End PBXProject section */

/* Begin PBXResourcesBuildPhase section */
		5AC3F2851E0DD3D5008C4030 /* Resources */ = {
			isa = PBXResourcesBuildPhase;
			buildActionMask = 2147483647;
			files = (
				5AC3F2951E0DD3D5008C4030 /* LaunchScreen.storyboard in Resources */,
				5AC3F2921E0DD3D5008C4030 /* Assets.xcassets in Resources */,
				5AC3F2901E0DD3D5008C4030 /* Main.storyboard in Resources */,
			);
			runOnlyForDeploymentPostprocessing = 0;
		};
		5AC3F2991E0DD3D5008C4030 /* Resources */ = {
			isa = PBXResourcesBuildPhase;
			buildActionMask = 2147483647;
			files = (
			);
			runOnlyForDeploymentPostprocessing = 0;
		};
		5AC3F2A41E0DD3D5008C4030 /* Resources */ = {
			isa = PBXResourcesBuildPhase;
			buildActionMask = 2147483647;
			files = (
			);
			runOnlyForDeploymentPostprocessing = 0;
		};
/* End PBXResourcesBuildPhase section */

/* Begin PBXSourcesBuildPhase section */
		5AC3F2831E0DD3D5008C4030 /* Sources */ = {
			isa = PBXSourcesBuildPhase;
			buildActionMask = 2147483647;
			files = (
				5AC3F2B91E0DD791008C4030 /* PersonCell.swift in Sources */,
				5AC3F28D1E0DD3D5008C4030 /* ViewController.swift in Sources */,
				5AC3F2BB1E0DE477008C4030 /* Person.swift in Sources */,
				5AC3F28B1E0DD3D5008C4030 /* AppDelegate.swift in Sources */,
			);
			runOnlyForDeploymentPostprocessing = 0;
		};
		5AC3F2971E0DD3D5008C4030 /* Sources */ = {
			isa = PBXSourcesBuildPhase;
			buildActionMask = 2147483647;
			files = (
				5AC3F2A01E0DD3D5008C4030 /* project10Tests.swift in Sources */,
			);
			runOnlyForDeploymentPostprocessing = 0;
		};
		5AC3F2A21E0DD3D5008C4030 /* Sources */ = {
			isa = PBXSourcesBuildPhase;
			buildActionMask = 2147483647;
			files = (
				5AC3F2AB1E0DD3D5008C4030 /* project10UITests.swift in Sources */,
			);
			runOnlyForDeploymentPostprocessing = 0;
		};
/* End PBXSourcesBuildPhase section */

/* Begin PBXTargetDependency section */
		5AC3F29D1E0DD3D5008C4030 /* PBXTargetDependency */ = {
			isa = PBXTargetDependency;
			target = 5AC3F2861E0DD3D5008C4030 /* project10 */;
			targetProxy = 5AC3F29C1E0DD3D5008C4030 /* PBXContainerItemProxy */;
		};
		5AC3F2A81E0DD3D5008C4030 /* PBXTargetDependency */ = {
			isa = PBXTargetDependency;
			target = 5AC3F2861E0DD3D5008C4030 /* project10 */;
			targetProxy = 5AC3F2A71E0DD3D5008C4030 /* PBXContainerItemProxy */;
		};
/* End PBXTargetDependency section */

/* Begin PBXVariantGroup section */
		5AC3F28E1E0DD3D5008C4030 /* Main.storyboard */ = {
			isa = PBXVariantGroup;
			children = (
				5AC3F28F1E0DD3D5008C4030 /* Base */,
			);
			name = Main.storyboard;
			sourceTree = "<group>";
		};
		5AC3F2931E0DD3D5008C4030 /* LaunchScreen.storyboard */ = {
			isa = PBXVariantGroup;
			children = (
				5AC3F2941E0DD3D5008C4030 /* Base */,
			);
			name = LaunchScreen.storyboard;
			sourceTree = "<group>";
		};
/* End PBXVariantGroup section */

/* Begin XCBuildConfiguration section */
		5AC3F2AD1E0DD3D5008C4030 /* Debug */ = {
			isa = XCBuildConfiguration;
			buildSettings = {
				ALWAYS_SEARCH_USER_PATHS = NO;
				CLANG_ANALYZER_NONNULL = YES;
				CLANG_CXX_LANGUAGE_STANDARD = "gnu++0x";
				CLANG_CXX_LIBRARY = "libc++";
				CLANG_ENABLE_MODULES = YES;
				CLANG_ENABLE_OBJC_ARC = YES;
				CLANG_WARN_BOOL_CONVERSION = YES;
				CLANG_WARN_CONSTANT_CONVERSION = YES;
				CLANG_WARN_DIRECT_OBJC_ISA_USAGE = YES_ERROR;
				CLANG_WARN_DOCUMENTATION_COMMENTS = YES;
				CLANG_WARN_EMPTY_BODY = YES;
				CLANG_WARN_ENUM_CONVERSION = YES;
				CLANG_WARN_INFINITE_RECURSION = YES;
				CLANG_WARN_INT_CONVERSION = YES;
				CLANG_WARN_OBJC_ROOT_CLASS = YES_ERROR;
				CLANG_WARN_SUSPICIOUS_MOVE = YES;
				CLANG_WARN_SUSPICIOUS_MOVES = YES;
				CLANG_WARN_UNREACHABLE_CODE = YES;
				CLANG_WARN__DUPLICATE_METHOD_MATCH = YES;
				"CODE_SIGN_IDENTITY[sdk=iphoneos*]" = "iPhone Developer";
				COPY_PHASE_STRIP = NO;
				DEBUG_INFORMATION_FORMAT = dwarf;
				ENABLE_STRICT_OBJC_MSGSEND = YES;
				ENABLE_TESTABILITY = YES;
				GCC_C_LANGUAGE_STANDARD = gnu99;
				GCC_DYNAMIC_NO_PIC = NO;
				GCC_NO_COMMON_BLOCKS = YES;
				GCC_OPTIMIZATION_LEVEL = 0;
				GCC_PREPROCESSOR_DEFINITIONS = (
					"DEBUG=1",
					"$(inherited)",
				);
				GCC_WARN_64_TO_32_BIT_CONVERSION = YES;
				GCC_WARN_ABOUT_RETURN_TYPE = YES_ERROR;
				GCC_WARN_UNDECLARED_SELECTOR = YES;
				GCC_WARN_UNINITIALIZED_AUTOS = YES_AGGRESSIVE;
				GCC_WARN_UNUSED_FUNCTION = YES;
				GCC_WARN_UNUSED_VARIABLE = YES;
				IPHONEOS_DEPLOYMENT_TARGET = 10.1;
				MTL_ENABLE_DEBUG_INFO = YES;
				ONLY_ACTIVE_ARCH = YES;
				SDKROOT = iphoneos;
				SWIFT_ACTIVE_COMPILATION_CONDITIONS = DEBUG;
				SWIFT_OPTIMIZATION_LEVEL = "-Onone";
				TARGETED_DEVICE_FAMILY = "1,2";
			};
			name = Debug;
		};
		5AC3F2AE1E0DD3D5008C4030 /* Release */ = {
			isa = XCBuildConfiguration;
			buildSettings = {
				ALWAYS_SEARCH_USER_PATHS = NO;
				CLANG_ANALYZER_NONNULL = YES;
				CLANG_CXX_LANGUAGE_STANDARD = "gnu++0x";
				CLANG_CXX_LIBRARY = "libc++";
				CLANG_ENABLE_MODULES = YES;
				CLANG_ENABLE_OBJC_ARC = YES;
				CLANG_WARN_BOOL_CONVERSION = YES;
				CLANG_WARN_CONSTANT_CONVERSION = YES;
				CLANG_WARN_DIRECT_OBJC_ISA_USAGE = YES_ERROR;
				CLANG_WARN_DOCUMENTATION_COMMENTS = YES;
				CLANG_WARN_EMPTY_BODY = YES;
				CLANG_WARN_ENUM_CONVERSION = YES;
				CLANG_WARN_INFINITE_RECURSION = YES;
				CLANG_WARN_INT_CONVERSION = YES;
				CLANG_WARN_OBJC_ROOT_CLASS = YES_ERROR;
				CLANG_WARN_SUSPICIOUS_MOVE = YES;
				CLANG_WARN_SUSPICIOUS_MOVES = YES;
				CLANG_WARN_UNREACHABLE_CODE = YES;
				CLANG_WARN__DUPLICATE_METHOD_MATCH = YES;
				"CODE_SIGN_IDENTITY[sdk=iphoneos*]" = "iPhone Developer";
				COPY_PHASE_STRIP = NO;
				DEBUG_INFORMATION_FORMAT = "dwarf-with-dsym";
				ENABLE_NS_ASSERTIONS = NO;
				ENABLE_STRICT_OBJC_MSGSEND = YES;
				GCC_C_LANGUAGE_STANDARD = gnu99;
				GCC_NO_COMMON_BLOCKS = YES;
				GCC_WARN_64_TO_32_BIT_CONVERSION = YES;
				GCC_WARN_ABOUT_RETURN_TYPE = YES_ERROR;
				GCC_WARN_UNDECLARED_SELECTOR = YES;
				GCC_WARN_UNINITIALIZED_AUTOS = YES_AGGRESSIVE;
				GCC_WARN_UNUSED_FUNCTION = YES;
				GCC_WARN_UNUSED_VARIABLE = YES;
				IPHONEOS_DEPLOYMENT_TARGET = 10.1;
				MTL_ENABLE_DEBUG_INFO = NO;
				SDKROOT = iphoneos;
				SWIFT_OPTIMIZATION_LEVEL = "-Owholemodule";
				TARGETED_DEVICE_FAMILY = "1,2";
				VALIDATE_PRODUCT = YES;
			};
			name = Release;
		};
		5AC3F2B01E0DD3D5008C4030 /* Debug */ = {
			isa = XCBuildConfiguration;
			buildSettings = {
				ASSETCATALOG_COMPILER_APPICON_NAME = AppIcon;
				INFOPLIST_FILE = project10/Info.plist;
				LD_RUNPATH_SEARCH_PATHS = "$(inherited) @executable_path/Frameworks";
				PRODUCT_BUNDLE_IDENTIFIER = ftl.project10;
				PRODUCT_NAME = "$(TARGET_NAME)";
				SWIFT_VERSION = 3.0;
			};
			name = Debug;
		};
		5AC3F2B11E0DD3D5008C4030 /* Release */ = {
			isa = XCBuildConfiguration;
			buildSettings = {
				ASSETCATALOG_COMPILER_APPICON_NAME = AppIcon;
				INFOPLIST_FILE = project10/Info.plist;
				LD_RUNPATH_SEARCH_PATHS = "$(inherited) @executable_path/Frameworks";
				PRODUCT_BUNDLE_IDENTIFIER = ftl.project10;
				PRODUCT_NAME = "$(TARGET_NAME)";
				SWIFT_VERSION = 3.0;
			};
			name = Release;
		};
		5AC3F2B31E0DD3D5008C4030 /* Debug */ = {
			isa = XCBuildConfiguration;
			buildSettings = {
				ALWAYS_EMBED_SWIFT_STANDARD_LIBRARIES = YES;
				BUNDLE_LOADER = "$(TEST_HOST)";
				INFOPLIST_FILE = project10Tests/Info.plist;
				LD_RUNPATH_SEARCH_PATHS = "$(inherited) @executable_path/Frameworks @loader_path/Frameworks";
				PRODUCT_BUNDLE_IDENTIFIER = ftl.project10Tests;
				PRODUCT_NAME = "$(TARGET_NAME)";
				SWIFT_VERSION = 3.0;
				TEST_HOST = "$(BUILT_PRODUCTS_DIR)/project10.app/project10";
			};
			name = Debug;
		};
		5AC3F2B41E0DD3D5008C4030 /* Release */ = {
			isa = XCBuildConfiguration;
			buildSettings = {
				ALWAYS_EMBED_SWIFT_STANDARD_LIBRARIES = YES;
				BUNDLE_LOADER = "$(TEST_HOST)";
				INFOPLIST_FILE = project10Tests/Info.plist;
				LD_RUNPATH_SEARCH_PATHS = "$(inherited) @executable_path/Frameworks @loader_path/Frameworks";
				PRODUCT_BUNDLE_IDENTIFIER = ftl.project10Tests;
				PRODUCT_NAME = "$(TARGET_NAME)";
				SWIFT_VERSION = 3.0;
				TEST_HOST = "$(BUILT_PRODUCTS_DIR)/project10.app/project10";
			};
			name = Release;
		};
		5AC3F2B61E0DD3D5008C4030 /* Debug */ = {
			isa = XCBuildConfiguration;
			buildSettings = {
				ALWAYS_EMBED_SWIFT_STANDARD_LIBRARIES = YES;
				INFOPLIST_FILE = project10UITests/Info.plist;
				LD_RUNPATH_SEARCH_PATHS = "$(inherited) @executable_path/Frameworks @loader_path/Frameworks";
				PRODUCT_BUNDLE_IDENTIFIER = ftl.project10UITests;
				PRODUCT_NAME = "$(TARGET_NAME)";
				SWIFT_VERSION = 3.0;
				TEST_TARGET_NAME = project10;
			};
			name = Debug;
		};
		5AC3F2B71E0DD3D5008C4030 /* Release */ = {
			isa = XCBuildConfiguration;
			buildSettings = {
				ALWAYS_EMBED_SWIFT_STANDARD_LIBRARIES = YES;
				INFOPLIST_FILE = project10UITests/Info.plist;
				LD_RUNPATH_SEARCH_PATHS = "$(inherited) @executable_path/Frameworks @loader_path/Frameworks";
				PRODUCT_BUNDLE_IDENTIFIER = ftl.project10UITests;
				PRODUCT_NAME = "$(TARGET_NAME)";
				SWIFT_VERSION = 3.0;
				TEST_TARGET_NAME = project10;
			};
			name = Release;
		};
/* End XCBuildConfiguration section */

/* Begin XCConfigurationList section */
		5AC3F2821E0DD3D5008C4030 /* Build configuration list for PBXProject "project10" */ = {
			isa = XCConfigurationList;
			buildConfigurations = (
				5AC3F2AD1E0DD3D5008C4030 /* Debug */,
				5AC3F2AE1E0DD3D5008C4030 /* Release */,
			);
			defaultConfigurationIsVisible = 0;
			defaultConfigurationName = Release;
		};
		5AC3F2AF1E0DD3D5008C4030 /* Build configuration list for PBXNativeTarget "project10" */ = {
			isa = XCConfigurationList;
			buildConfigurations = (
				5AC3F2B01E0DD3D5008C4030 /* Debug */,
				5AC3F2B11E0DD3D5008C4030 /* Release */,
			);
			defaultConfigurationIsVisible = 0;
			defaultConfigurationName = Release;
		};
		5AC3F2B21E0DD3D5008C4030 /* Build configuration list for PBXNativeTarget "project10Tests" */ = {
			isa = XCConfigurationList;
			buildConfigurations = (
				5AC3F2B31E0DD3D5008C4030 /* Debug */,
				5AC3F2B41E0DD3D5008C4030 /* Release */,
			);
			defaultConfigurationIsVisible = 0;
			defaultConfigurationName = Release;
		};
		5AC3F2B51E0DD3D5008C4030 /* Build configuration list for PBXNativeTarget "project10UITests" */ = {
			isa = XCConfigurationList;
			buildConfigurations = (
				5AC3F2B61E0DD3D5008C4030 /* Debug */,
				5AC3F2B71E0DD3D5008C4030 /* Release */,
			);
			defaultConfigurationIsVisible = 0;
			defaultConfigurationName = Release;
		};
/* End XCConfigurationList section */
	};
	rootObject = 5AC3F27F1E0DD3D5008C4030 /* Project object */;
}
