// !$*UTF8*$!
{
	archiveVersion = 1;
	classes = {
	};
	objectVersion = 46;
	objects = {

/* Begin PBXBuildFile section */
		5ACE4B5B1E17377400E5DE79 /* AppDelegate.swift in Sources */ = {isa = PBXBuildFile; fileRef = 5ACE4B5A1E17377400E5DE79 /* AppDelegate.swift */; };
		5ACE4B5D1E17377400E5DE79 /* ViewController.swift in Sources */ = {isa = PBXBuildFile; fileRef = 5ACE4B5C1E17377400E5DE79 /* ViewController.swift */; };
		5ACE4B601E17377400E5DE79 /* Main.storyboard in Resources */ = {isa = PBXBuildFile; fileRef = 5ACE4B5E1E17377400E5DE79 /* Main.storyboard */; };
		5ACE4B621E17377400E5DE79 /* Assets.xcassets in Resources */ = {isa = PBXBuildFile; fileRef = 5ACE4B611E17377400E5DE79 /* Assets.xcassets */; };
		5ACE4B651E17377400E5DE79 /* LaunchScreen.storyboard in Resources */ = {isa = PBXBuildFile; fileRef = 5ACE4B631E17377400E5DE79 /* LaunchScreen.storyboard */; };
		5ACE4B701E17377400E5DE79 /* projcet27Tests.swift in Sources */ = {isa = PBXBuildFile; fileRef = 5ACE4B6F1E17377400E5DE79 /* projcet27Tests.swift */; };
		5ACE4B7B1E17377400E5DE79 /* projcet27UITests.swift in Sources */ = {isa = PBXBuildFile; fileRef = 5ACE4B7A1E17377400E5DE79 /* projcet27UITests.swift */; };
		5ACE4B8A1E1738F900E5DE79 /* mouse.png in Resources */ = {isa = PBXBuildFile; fileRef = 5ACE4B881E1738F900E5DE79 /* mouse.png */; };
		5ACE4B8B1E1738F900E5DE79 /* mouse@2x.png in Resources */ = {isa = PBXBuildFile; fileRef = 5ACE4B891E1738F900E5DE79 /* mouse@2x.png */; };
/* End PBXBuildFile section */

/* Begin PBXContainerItemProxy section */
		5ACE4B6C1E17377400E5DE79 /* PBXContainerItemProxy */ = {
			isa = PBXContainerItemProxy;
			containerPortal = 5ACE4B4F1E17377400E5DE79 /* Project object */;
			proxyType = 1;
			remoteGlobalIDString = 5ACE4B561E17377400E5DE79;
			remoteInfo = projcet27;
		};
		5ACE4B771E17377400E5DE79 /* PBXContainerItemProxy */ = {
			isa = PBXContainerItemProxy;
			containerPortal = 5ACE4B4F1E17377400E5DE79 /* Project object */;
			proxyType = 1;
			remoteGlobalIDString = 5ACE4B561E17377400E5DE79;
			remoteInfo = projcet27;
		};
/* End PBXContainerItemProxy section */

/* Begin PBXFileReference section */
		5ACE4B571E17377400E5DE79 /* projcet27.app */ = {isa = PBXFileReference; explicitFileType = wrapper.application; includeInIndex = 0; path = projcet27.app; sourceTree = BUILT_PRODUCTS_DIR; };
		5ACE4B5A1E17377400E5DE79 /* AppDelegate.swift */ = {isa = PBXFileReference; lastKnownFileType = sourcecode.swift; path = AppDelegate.swift; sourceTree = "<group>"; };
		5ACE4B5C1E17377400E5DE79 /* ViewController.swift */ = {isa = PBXFileReference; lastKnownFileType = sourcecode.swift; path = ViewController.swift; sourceTree = "<group>"; };
		5ACE4B5F1E17377400E5DE79 /* Base */ = {isa = PBXFileReference; lastKnownFileType = file.storyboard; name = Base; path = Base.lproj/Main.storyboard; sourceTree = "<group>"; };
		5ACE4B611E17377400E5DE79 /* Assets.xcassets */ = {isa = PBXFileReference; lastKnownFileType = folder.assetcatalog; path = Assets.xcassets; sourceTree = "<group>"; };
		5ACE4B641E17377400E5DE79 /* Base */ = {isa = PBXFileReference; lastKnownFileType = file.storyboard; name = Base; path = Base.lproj/LaunchScreen.storyboard; sourceTree = "<group>"; };
		5ACE4B661E17377400E5DE79 /* Info.plist */ = {isa = PBXFileReference; lastKnownFileType = text.plist.xml; path = Info.plist; sourceTree = "<group>"; };
		5ACE4B6B1E17377400E5DE79 /* projcet27Tests.xctest */ = {isa = PBXFileReference; explicitFileType = wrapper.cfbundle; includeInIndex = 0; path = projcet27Tests.xctest; sourceTree = BUILT_PRODUCTS_DIR; };
		5ACE4B6F1E17377400E5DE79 /* projcet27Tests.swift */ = {isa = PBXFileReference; lastKnownFileType = sourcecode.swift; path = projcet27Tests.swift; sourceTree = "<group>"; };
		5ACE4B711E17377400E5DE79 /* Info.plist */ = {isa = PBXFileReference; lastKnownFileType = text.plist.xml; path = Info.plist; sourceTree = "<group>"; };
		5ACE4B761E17377400E5DE79 /* projcet27UITests.xctest */ = {isa = PBXFileReference; explicitFileType = wrapper.cfbundle; includeInIndex = 0; path = projcet27UITests.xctest; sourceTree = BUILT_PRODUCTS_DIR; };
		5ACE4B7A1E17377400E5DE79 /* projcet27UITests.swift */ = {isa = PBXFileReference; lastKnownFileType = sourcecode.swift; path = projcet27UITests.swift; sourceTree = "<group>"; };
		5ACE4B7C1E17377400E5DE79 /* Info.plist */ = {isa = PBXFileReference; lastKnownFileType = text.plist.xml; path = Info.plist; sourceTree = "<group>"; };
		5ACE4B881E1738F900E5DE79 /* mouse.png */ = {isa = PBXFileReference; lastKnownFileType = image.png; path = mouse.png; sourceTree = "<group>"; };
		5ACE4B891E1738F900E5DE79 /* mouse@2x.png */ = {isa = PBXFileReference; lastKnownFileType = image.png; path = "mouse@2x.png"; sourceTree = "<group>"; };
/* End PBXFileReference section */

/* Begin PBXFrameworksBuildPhase section */
		5ACE4B541E17377400E5DE79 /* Frameworks */ = {
			isa = PBXFrameworksBuildPhase;
			buildActionMask = 2147483647;
			files = (
			);
			runOnlyForDeploymentPostprocessing = 0;
		};
		5ACE4B681E17377400E5DE79 /* Frameworks */ = {
			isa = PBXFrameworksBuildPhase;
			buildActionMask = 2147483647;
			files = (
			);
			runOnlyForDeploymentPostprocessing = 0;
		};
		5ACE4B731E17377400E5DE79 /* Frameworks */ = {
			isa = PBXFrameworksBuildPhase;
			buildActionMask = 2147483647;
			files = (
			);
			runOnlyForDeploymentPostprocessing = 0;
		};
/* End PBXFrameworksBuildPhase section */

/* Begin PBXGroup section */
		5ACE4B4E1E17377400E5DE79 = {
			isa = PBXGroup;
			children = (
				5ACE4B591E17377400E5DE79 /* projcet27 */,
				5ACE4B6E1E17377400E5DE79 /* projcet27Tests */,
				5ACE4B791E17377400E5DE79 /* projcet27UITests */,
				5ACE4B581E17377400E5DE79 /* Products */,
			);
			sourceTree = "<group>";
		};
		5ACE4B581E17377400E5DE79 /* Products */ = {
			isa = PBXGroup;
			children = (
				5ACE4B571E17377400E5DE79 /* projcet27.app */,
				5ACE4B6B1E17377400E5DE79 /* projcet27Tests.xctest */,
				5ACE4B761E17377400E5DE79 /* projcet27UITests.xctest */,
			);
			name = Products;
			sourceTree = "<group>";
		};
		5ACE4B591E17377400E5DE79 /* projcet27 */ = {
			isa = PBXGroup;
			children = (
				5ACE4B5A1E17377400E5DE79 /* AppDelegate.swift */,
				5ACE4B5C1E17377400E5DE79 /* ViewController.swift */,
				5ACE4B881E1738F900E5DE79 /* mouse.png */,
				5ACE4B891E1738F900E5DE79 /* mouse@2x.png */,
				5ACE4B5E1E17377400E5DE79 /* Main.storyboard */,
				5ACE4B611E17377400E5DE79 /* Assets.xcassets */,
				5ACE4B631E17377400E5DE79 /* LaunchScreen.storyboard */,
				5ACE4B661E17377400E5DE79 /* Info.plist */,
			);
			path = projcet27;
			sourceTree = "<group>";
		};
		5ACE4B6E1E17377400E5DE79 /* projcet27Tests */ = {
			isa = PBXGroup;
			children = (
				5ACE4B6F1E17377400E5DE79 /* projcet27Tests.swift */,
				5ACE4B711E17377400E5DE79 /* Info.plist */,
			);
			path = projcet27Tests;
			sourceTree = "<group>";
		};
		5ACE4B791E17377400E5DE79 /* projcet27UITests */ = {
			isa = PBXGroup;
			children = (
				5ACE4B7A1E17377400E5DE79 /* projcet27UITests.swift */,
				5ACE4B7C1E17377400E5DE79 /* Info.plist */,
			);
			path = projcet27UITests;
			sourceTree = "<group>";
		};
/* End PBXGroup section */

/* Begin PBXNativeTarget section */
		5ACE4B561E17377400E5DE79 /* projcet27 */ = {
			isa = PBXNativeTarget;
			buildConfigurationList = 5ACE4B7F1E17377400E5DE79 /* Build configuration list for PBXNativeTarget "projcet27" */;
			buildPhases = (
				5ACE4B531E17377400E5DE79 /* Sources */,
				5ACE4B541E17377400E5DE79 /* Frameworks */,
				5ACE4B551E17377400E5DE79 /* Resources */,
			);
			buildRules = (
			);
			dependencies = (
			);
			name = projcet27;
			productName = projcet27;
			productReference = 5ACE4B571E17377400E5DE79 /* projcet27.app */;
			productType = "com.apple.product-type.application";
		};
		5ACE4B6A1E17377400E5DE79 /* projcet27Tests */ = {
			isa = PBXNativeTarget;
			buildConfigurationList = 5ACE4B821E17377400E5DE79 /* Build configuration list for PBXNativeTarget "projcet27Tests" */;
			buildPhases = (
				5ACE4B671E17377400E5DE79 /* Sources */,
				5ACE4B681E17377400E5DE79 /* Frameworks */,
				5ACE4B691E17377400E5DE79 /* Resources */,
			);
			buildRules = (
			);
			dependencies = (
				5ACE4B6D1E17377400E5DE79 /* PBXTargetDependency */,
			);
			name = projcet27Tests;
			productName = projcet27Tests;
			productReference = 5ACE4B6B1E17377400E5DE79 /* projcet27Tests.xctest */;
			productType = "com.apple.product-type.bundle.unit-test";
		};
		5ACE4B751E17377400E5DE79 /* projcet27UITests */ = {
			isa = PBXNativeTarget;
			buildConfigurationList = 5ACE4B851E17377400E5DE79 /* Build configuration list for PBXNativeTarget "projcet27UITests" */;
			buildPhases = (
				5ACE4B721E17377400E5DE79 /* Sources */,
				5ACE4B731E17377400E5DE79 /* Frameworks */,
				5ACE4B741E17377400E5DE79 /* Resources */,
			);
			buildRules = (
			);
			dependencies = (
				5ACE4B781E17377400E5DE79 /* PBXTargetDependency */,
			);
			name = projcet27UITests;
			productName = projcet27UITests;
			productReference = 5ACE4B761E17377400E5DE79 /* projcet27UITests.xctest */;
			productType = "com.apple.product-type.bundle.ui-testing";
		};
/* End PBXNativeTarget section */

/* Begin PBXProject section */
		5ACE4B4F1E17377400E5DE79 /* Project object */ = {
			isa = PBXProject;
			attributes = {
				LastSwiftUpdateCheck = 0820;
				LastUpgradeCheck = 0820;
				ORGANIZATIONNAME = "Yuen Hsi Chang";
				TargetAttributes = {
					5ACE4B561E17377400E5DE79 = {
						CreatedOnToolsVersion = 8.2.1;
						ProvisioningStyle = Automatic;
					};
					5ACE4B6A1E17377400E5DE79 = {
						CreatedOnToolsVersion = 8.2.1;
						ProvisioningStyle = Automatic;
						TestTargetID = 5ACE4B561E17377400E5DE79;
					};
					5ACE4B751E17377400E5DE79 = {
						CreatedOnToolsVersion = 8.2.1;
						ProvisioningStyle = Automatic;
						TestTargetID = 5ACE4B561E17377400E5DE79;
					};
				};
			};
			buildConfigurationList = 5ACE4B521E17377400E5DE79 /* Build configuration list for PBXProject "projcet27" */;
			compatibilityVersion = "Xcode 3.2";
			developmentRegion = English;
			hasScannedForEncodings = 0;
			knownRegions = (
				en,
				Base,
			);
			mainGroup = 5ACE4B4E1E17377400E5DE79;
			productRefGroup = 5ACE4B581E17377400E5DE79 /* Products */;
			projectDirPath = "";
			projectRoot = "";
			targets = (
				5ACE4B561E17377400E5DE79 /* projcet27 */,
				5ACE4B6A1E17377400E5DE79 /* projcet27Tests */,
				5ACE4B751E17377400E5DE79 /* projcet27UITests */,
			);
		};
/* End PBXProject section */

/* Begin PBXResourcesBuildPhase section */
		5ACE4B551E17377400E5DE79 /* Resources */ = {
			isa = PBXResourcesBuildPhase;
			buildActionMask = 2147483647;
			files = (
				5ACE4B8B1E1738F900E5DE79 /* mouse@2x.png in Resources */,
				5ACE4B651E17377400E5DE79 /* LaunchScreen.storyboard in Resources */,
				5ACE4B8A1E1738F900E5DE79 /* mouse.png in Resources */,
				5ACE4B621E17377400E5DE79 /* Assets.xcassets in Resources */,
				5ACE4B601E17377400E5DE79 /* Main.storyboard in Resources */,
			);
			runOnlyForDeploymentPostprocessing = 0;
		};
		5ACE4B691E17377400E5DE79 /* Resources */ = {
			isa = PBXResourcesBuildPhase;
			buildActionMask = 2147483647;
			files = (
			);
			runOnlyForDeploymentPostprocessing = 0;
		};
		5ACE4B741E17377400E5DE79 /* Resources */ = {
			isa = PBXResourcesBuildPhase;
			buildActionMask = 2147483647;
			files = (
			);
			runOnlyForDeploymentPostprocessing = 0;
		};
/* End PBXResourcesBuildPhase section */

/* Begin PBXSourcesBuildPhase section */
		5ACE4B531E17377400E5DE79 /* Sources */ = {
			isa = PBXSourcesBuildPhase;
			buildActionMask = 2147483647;
			files = (
				5ACE4B5D1E17377400E5DE79 /* ViewController.swift in Sources */,
				5ACE4B5B1E17377400E5DE79 /* AppDelegate.swift in Sources */,
			);
			runOnlyForDeploymentPostprocessing = 0;
		};
		5ACE4B671E17377400E5DE79 /* Sources */ = {
			isa = PBXSourcesBuildPhase;
			buildActionMask = 2147483647;
			files = (
				5ACE4B701E17377400E5DE79 /* projcet27Tests.swift in Sources */,
			);
			runOnlyForDeploymentPostprocessing = 0;
		};
		5ACE4B721E17377400E5DE79 /* Sources */ = {
			isa = PBXSourcesBuildPhase;
			buildActionMask = 2147483647;
			files = (
				5ACE4B7B1E17377400E5DE79 /* projcet27UITests.swift in Sources */,
			);
			runOnlyForDeploymentPostprocessing = 0;
		};
/* End PBXSourcesBuildPhase section */

/* Begin PBXTargetDependency section */
		5ACE4B6D1E17377400E5DE79 /* PBXTargetDependency */ = {
			isa = PBXTargetDependency;
			target = 5ACE4B561E17377400E5DE79 /* projcet27 */;
			targetProxy = 5ACE4B6C1E17377400E5DE79 /* PBXContainerItemProxy */;
		};
		5ACE4B781E17377400E5DE79 /* PBXTargetDependency */ = {
			isa = PBXTargetDependency;
			target = 5ACE4B561E17377400E5DE79 /* projcet27 */;
			targetProxy = 5ACE4B771E17377400E5DE79 /* PBXContainerItemProxy */;
		};
/* End PBXTargetDependency section */

/* Begin PBXVariantGroup section */
		5ACE4B5E1E17377400E5DE79 /* Main.storyboard */ = {
			isa = PBXVariantGroup;
			children = (
				5ACE4B5F1E17377400E5DE79 /* Base */,
			);
			name = Main.storyboard;
			sourceTree = "<group>";
		};
		5ACE4B631E17377400E5DE79 /* LaunchScreen.storyboard */ = {
			isa = PBXVariantGroup;
			children = (
				5ACE4B641E17377400E5DE79 /* Base */,
			);
			name = LaunchScreen.storyboard;
			sourceTree = "<group>";
		};
/* End PBXVariantGroup section */

/* Begin XCBuildConfiguration section */
		5ACE4B7D1E17377400E5DE79 /* Debug */ = {
			isa = XCBuildConfiguration;
			buildSettings = {
				ALWAYS_SEARCH_USER_PATHS = NO;
				CLANG_ANALYZER_NONNULL = YES;
				CLANG_CXX_LANGUAGE_STANDARD = "gnu++0x";
				CLANG_CXX_LIBRARY = "libc++";
				CLANG_ENABLE_MODULES = YES;
				CLANG_ENABLE_OBJC_ARC = YES;
				CLANG_WARN_BOOL_CONVERSION = YES;
				CLANG_WARN_CONSTANT_CONVERSION = YES;
				CLANG_WARN_DIRECT_OBJC_ISA_USAGE = YES_ERROR;
				CLANG_WARN_DOCUMENTATION_COMMENTS = YES;
				CLANG_WARN_EMPTY_BODY = YES;
				CLANG_WARN_ENUM_CONVERSION = YES;
				CLANG_WARN_INFINITE_RECURSION = YES;
				CLANG_WARN_INT_CONVERSION = YES;
				CLANG_WARN_OBJC_ROOT_CLASS = YES_ERROR;
				CLANG_WARN_SUSPICIOUS_MOVE = YES;
				CLANG_WARN_UNREACHABLE_CODE = YES;
				CLANG_WARN__DUPLICATE_METHOD_MATCH = YES;
				"CODE_SIGN_IDENTITY[sdk=iphoneos*]" = "iPhone Developer";
				COPY_PHASE_STRIP = NO;
				DEBUG_INFORMATION_FORMAT = dwarf;
				ENABLE_STRICT_OBJC_MSGSEND = YES;
				ENABLE_TESTABILITY = YES;
				GCC_C_LANGUAGE_STANDARD = gnu99;
				GCC_DYNAMIC_NO_PIC = NO;
				GCC_NO_COMMON_BLOCKS = YES;
				GCC_OPTIMIZATION_LEVEL = 0;
				GCC_PREPROCESSOR_DEFINITIONS = (
					"DEBUG=1",
					"$(inherited)",
				);
				GCC_WARN_64_TO_32_BIT_CONVERSION = YES;
				GCC_WARN_ABOUT_RETURN_TYPE = YES_ERROR;
				GCC_WARN_UNDECLARED_SELECTOR = YES;
				GCC_WARN_UNINITIALIZED_AUTOS = YES_AGGRESSIVE;
				GCC_WARN_UNUSED_FUNCTION = YES;
				GCC_WARN_UNUSED_VARIABLE = YES;
				IPHONEOS_DEPLOYMENT_TARGET = 10.2;
				MTL_ENABLE_DEBUG_INFO = YES;
				ONLY_ACTIVE_ARCH = YES;
				SDKROOT = iphoneos;
				SWIFT_ACTIVE_COMPILATION_CONDITIONS = DEBUG;
				SWIFT_OPTIMIZATION_LEVEL = "-Onone";
				TARGETED_DEVICE_FAMILY = "1,2";
			};
			name = Debug;
		};
		5ACE4B7E1E17377400E5DE79 /* Release */ = {
			isa = XCBuildConfiguration;
			buildSettings = {
				ALWAYS_SEARCH_USER_PATHS = NO;
				CLANG_ANALYZER_NONNULL = YES;
				CLANG_CXX_LANGUAGE_STANDARD = "gnu++0x";
				CLANG_CXX_LIBRARY = "libc++";
				CLANG_ENABLE_MODULES = YES;
				CLANG_ENABLE_OBJC_ARC = YES;
				CLANG_WARN_BOOL_CONVERSION = YES;
				CLANG_WARN_CONSTANT_CONVERSION = YES;
				CLANG_WARN_DIRECT_OBJC_ISA_USAGE = YES_ERROR;
				CLANG_WARN_DOCUMENTATION_COMMENTS = YES;
				CLANG_WARN_EMPTY_BODY = YES;
				CLANG_WARN_ENUM_CONVERSION = YES;
				CLANG_WARN_INFINITE_RECURSION = YES;
				CLANG_WARN_INT_CONVERSION = YES;
				CLANG_WARN_OBJC_ROOT_CLASS = YES_ERROR;
				CLANG_WARN_SUSPICIOUS_MOVE = YES;
				CLANG_WARN_UNREACHABLE_CODE = YES;
				CLANG_WARN__DUPLICATE_METHOD_MATCH = YES;
				"CODE_SIGN_IDENTITY[sdk=iphoneos*]" = "iPhone Developer";
				COPY_PHASE_STRIP = NO;
				DEBUG_INFORMATION_FORMAT = "dwarf-with-dsym";
				ENABLE_NS_ASSERTIONS = NO;
				ENABLE_STRICT_OBJC_MSGSEND = YES;
				GCC_C_LANGUAGE_STANDARD = gnu99;
				GCC_NO_COMMON_BLOCKS = YES;
				GCC_WARN_64_TO_32_BIT_CONVERSION = YES;
				GCC_WARN_ABOUT_RETURN_TYPE = YES_ERROR;
				GCC_WARN_UNDECLARED_SELECTOR = YES;
				GCC_WARN_UNINITIALIZED_AUTOS = YES_AGGRESSIVE;
				GCC_WARN_UNUSED_FUNCTION = YES;
				GCC_WARN_UNUSED_VARIABLE = YES;
				IPHONEOS_DEPLOYMENT_TARGET = 10.2;
				MTL_ENABLE_DEBUG_INFO = NO;
				SDKROOT = iphoneos;
				SWIFT_OPTIMIZATION_LEVEL = "-Owholemodule";
				TARGETED_DEVICE_FAMILY = "1,2";
				VALIDATE_PRODUCT = YES;
			};
			name = Release;
		};
		5ACE4B801E17377400E5DE79 /* Debug */ = {
			isa = XCBuildConfiguration;
			buildSettings = {
				ASSETCATALOG_COMPILER_APPICON_NAME = AppIcon;
				INFOPLIST_FILE = projcet27/Info.plist;
				LD_RUNPATH_SEARCH_PATHS = "$(inherited) @executable_path/Frameworks";
				PRODUCT_BUNDLE_IDENTIFIER = ftl.projcet27;
				PRODUCT_NAME = "$(TARGET_NAME)";
				SWIFT_VERSION = 3.0;
				TARGETED_DEVICE_FAMILY = 2;
			};
			name = Debug;
		};
		5ACE4B811E17377400E5DE79 /* Release */ = {
			isa = XCBuildConfiguration;
			buildSettings = {
				ASSETCATALOG_COMPILER_APPICON_NAME = AppIcon;
				INFOPLIST_FILE = projcet27/Info.plist;
				LD_RUNPATH_SEARCH_PATHS = "$(inherited) @executable_path/Frameworks";
				PRODUCT_BUNDLE_IDENTIFIER = ftl.projcet27;
				PRODUCT_NAME = "$(TARGET_NAME)";
				SWIFT_VERSION = 3.0;
				TARGETED_DEVICE_FAMILY = 2;
			};
			name = Release;
		};
		5ACE4B831E17377400E5DE79 /* Debug */ = {
			isa = XCBuildConfiguration;
			buildSettings = {
				ALWAYS_EMBED_SWIFT_STANDARD_LIBRARIES = YES;
				BUNDLE_LOADER = "$(TEST_HOST)";
				INFOPLIST_FILE = projcet27Tests/Info.plist;
				LD_RUNPATH_SEARCH_PATHS = "$(inherited) @executable_path/Frameworks @loader_path/Frameworks";
				PRODUCT_BUNDLE_IDENTIFIER = ftl.projcet27Tests;
				PRODUCT_NAME = "$(TARGET_NAME)";
				SWIFT_VERSION = 3.0;
				TEST_HOST = "$(BUILT_PRODUCTS_DIR)/projcet27.app/projcet27";
			};
			name = Debug;
		};
		5ACE4B841E17377400E5DE79 /* Release */ = {
			isa = XCBuildConfiguration;
			buildSettings = {
				ALWAYS_EMBED_SWIFT_STANDARD_LIBRARIES = YES;
				BUNDLE_LOADER = "$(TEST_HOST)";
				INFOPLIST_FILE = projcet27Tests/Info.plist;
				LD_RUNPATH_SEARCH_PATHS = "$(inherited) @executable_path/Frameworks @loader_path/Frameworks";
				PRODUCT_BUNDLE_IDENTIFIER = ftl.projcet27Tests;
				PRODUCT_NAME = "$(TARGET_NAME)";
				SWIFT_VERSION = 3.0;
				TEST_HOST = "$(BUILT_PRODUCTS_DIR)/projcet27.app/projcet27";
			};
			name = Release;
		};
		5ACE4B861E17377400E5DE79 /* Debug */ = {
			isa = XCBuildConfiguration;
			buildSettings = {
				ALWAYS_EMBED_SWIFT_STANDARD_LIBRARIES = YES;
				INFOPLIST_FILE = projcet27UITests/Info.plist;
				LD_RUNPATH_SEARCH_PATHS = "$(inherited) @executable_path/Frameworks @loader_path/Frameworks";
				PRODUCT_BUNDLE_IDENTIFIER = ftl.projcet27UITests;
				PRODUCT_NAME = "$(TARGET_NAME)";
				SWIFT_VERSION = 3.0;
				TEST_TARGET_NAME = projcet27;
			};
			name = Debug;
		};
		5ACE4B871E17377400E5DE79 /* Release */ = {
			isa = XCBuildConfiguration;
			buildSettings = {
				ALWAYS_EMBED_SWIFT_STANDARD_LIBRARIES = YES;
				INFOPLIST_FILE = projcet27UITests/Info.plist;
				LD_RUNPATH_SEARCH_PATHS = "$(inherited) @executable_path/Frameworks @loader_path/Frameworks";
				PRODUCT_BUNDLE_IDENTIFIER = ftl.projcet27UITests;
				PRODUCT_NAME = "$(TARGET_NAME)";
				SWIFT_VERSION = 3.0;
				TEST_TARGET_NAME = projcet27;
			};
			name = Release;
		};
/* End XCBuildConfiguration section */

/* Begin XCConfigurationList section */
		5ACE4B521E17377400E5DE79 /* Build configuration list for PBXProject "projcet27" */ = {
			isa = XCConfigurationList;
			buildConfigurations = (
				5ACE4B7D1E17377400E5DE79 /* Debug */,
				5ACE4B7E1E17377400E5DE79 /* Release */,
			);
			defaultConfigurationIsVisible = 0;
			defaultConfigurationName = Release;
		};
		5ACE4B7F1E17377400E5DE79 /* Build configuration list for PBXNativeTarget "projcet27" */ = {
			isa = XCConfigurationList;
			buildConfigurations = (
				5ACE4B801E17377400E5DE79 /* Debug */,
				5ACE4B811E17377400E5DE79 /* Release */,
			);
			defaultConfigurationIsVisible = 0;
		};
		5ACE4B821E17377400E5DE79 /* Build configuration list for PBXNativeTarget "projcet27Tests" */ = {
			isa = XCConfigurationList;
			buildConfigurations = (
				5ACE4B831E17377400E5DE79 /* Debug */,
				5ACE4B841E17377400E5DE79 /* Release */,
			);
			defaultConfigurationIsVisible = 0;
		};
		5ACE4B851E17377400E5DE79 /* Build configuration list for PBXNativeTarget "projcet27UITests" */ = {
			isa = XCConfigurationList;
			buildConfigurations = (
				5ACE4B861E17377400E5DE79 /* Debug */,
				5ACE4B871E17377400E5DE79 /* Release */,
			);
			defaultConfigurationIsVisible = 0;
		};
/* End XCConfigurationList section */
	};
	rootObject = 5ACE4B4F1E17377400E5DE79 /* Project object */;
}
